
Microsoft Visual Studio Solution File, Format Version 12.00
# Visual Studio 15
VisualStudioVersion = 15.0.27130.0
MinimumVisualStudioVersion = 10.0.40219.1
Project("{FAE04EC0-301F-11D3-BF4B-00C04F79EFBC}") = "MiniGierka", "MiniGierka\MiniGierka.csproj", "{260A7BBE-5CE8-4BEF-8A2E-385D2A16F10D}"
EndProject
Project("{2150E333-8FDC-42A3-9474-1A3956D46DE8}") = "Solution Items", "Solution Items", "{B16F4BA9-2E9B-4AF3-AE84-BF5140AF2443}"
	ProjectSection(SolutionItems) = preProject
		LICENSE = LICENSE
		README.md = README.md
		Sprites\sample.png = Sprites\sample.png
		Sprites\tlo.psd = Sprites\tlo.psd
	EndProjectSection
EndProject
Project("{2150E333-8FDC-42A3-9474-1A3956D46DE8}") = "Sprity", "Sprity", "{1CB192C9-2206-44E8-A086-F2B29E9C89DF}"
	ProjectSection(SolutionItems) = preProject
		Sprites\auto_1.png = Sprites\auto_1.png
		Sprites\auto_2.png = Sprites\auto_2.png
		Sprites\auto_3.png = Sprites\auto_3.png
		Sprites\auto_4.png = Sprites\auto_4.png
		Sprites\gracz.png = Sprites\gracz.png
		Sprites\tlo_1.png = Sprites\tlo_1.png
		Sprites\tlo_2.png = Sprites\tlo_2.png
	EndProjectSection
EndProject
Global
	GlobalSection(SolutionConfigurationPlatforms) = preSolution
		Debug|Any CPU = Debug|Any CPU
		Release|Any CPU = Release|Any CPU
	EndGlobalSection
	GlobalSection(ProjectConfigurationPlatforms) = postSolution
		{260A7BBE-5CE8-4BEF-8A2E-385D2A16F10D}.Debug|Any CPU.ActiveCfg = Debug|Any CPU
		{260A7BBE-5CE8-4BEF-8A2E-385D2A16F10D}.Debug|Any CPU.Build.0 = Debug|Any CPU
		{260A7BBE-5CE8-4BEF-8A2E-385D2A16F10D}.Release|Any CPU.ActiveCfg = Release|Any CPU
		{260A7BBE-5CE8-4BEF-8A2E-385D2A16F10D}.Release|Any CPU.Build.0 = Release|Any CPU
	EndGlobalSection
	GlobalSection(SolutionProperties) = preSolution
		HideSolutionNode = FALSE
	EndGlobalSection
	GlobalSection(NestedProjects) = preSolution
		{1CB192C9-2206-44E8-A086-F2B29E9C89DF} = {B16F4BA9-2E9B-4AF3-AE84-BF5140AF2443}
	EndGlobalSection
	GlobalSection(ExtensibilityGlobals) = postSolution
		SolutionGuid = {73884E30-C6CD-4795-B0E3-B812853E973E}
	EndGlobalSection
EndGlobal
